
Microsoft Visual Studio Solution File, Format Version 12.00
# Visual Studio Version 16
VisualStudioVersion = 16.0.30717.126
MinimumVisualStudioVersion = 10.0.40219.1
Project("{9A19103F-16F7-4668-BE54-9A1E7A4F7556}") = "TestDeployment.Website", "TestDeployment.Website\TestDeployment.Website.csproj", "{552E1CAA-B124-42BD-B3FF-5AD6CAFB1087}"
EndProject
Project("{9A19103F-16F7-4668-BE54-9A1E7A4F7556}") = "TestDeployment.Database", "TestDeployment.Database\TestDeployment.Database.csproj", "{07EB45F8-E8A3-46BD-9C07-258DBB65DF70}"
EndProject
Project("{E53339B2-1760-4266-BCC7-CA923CBCF16C}") = "docker-compose", "docker-compose.dcproj", "{4C4FFBFA-AD56-4FAF-BB11-70F967152087}"
EndProject
Project("{2150E333-8FDC-42A3-9474-1A3956D46DE8}") = "reverseproxy", "reverseproxy", "{50A4B622-BB04-4F92-ACF9-935D177596E1}"
	ProjectSection(SolutionItems) = preProject
		reverseproxy\nginx.conf = reverseproxy\nginx.conf
		reverseproxy\Nginx.Dockerfile = reverseproxy\Nginx.Dockerfile
	EndProjectSection
EndProject
Global
	GlobalSection(SolutionConfigurationPlatforms) = preSolution
		Debug|Any CPU = Debug|Any CPU
		Release|Any CPU = Release|Any CPU
	EndGlobalSection
	GlobalSection(ProjectConfigurationPlatforms) = postSolution
		{552E1CAA-B124-42BD-B3FF-5AD6CAFB1087}.Debug|Any CPU.ActiveCfg = Debug|Any CPU
		{552E1CAA-B124-42BD-B3FF-5AD6CAFB1087}.Debug|Any CPU.Build.0 = Debug|Any CPU
		{552E1CAA-B124-42BD-B3FF-5AD6CAFB1087}.Release|Any CPU.ActiveCfg = Release|Any CPU
		{552E1CAA-B124-42BD-B3FF-5AD6CAFB1087}.Release|Any CPU.Build.0 = Release|Any CPU
		{07EB45F8-E8A3-46BD-9C07-258DBB65DF70}.Debug|Any CPU.ActiveCfg = Debug|Any CPU
		{07EB45F8-E8A3-46BD-9C07-258DBB65DF70}.Debug|Any CPU.Build.0 = Debug|Any CPU
		{07EB45F8-E8A3-46BD-9C07-258DBB65DF70}.Release|Any CPU.ActiveCfg = Release|Any CPU
		{07EB45F8-E8A3-46BD-9C07-258DBB65DF70}.Release|Any CPU.Build.0 = Release|Any CPU
		{4C4FFBFA-AD56-4FAF-BB11-70F967152087}.Debug|Any CPU.ActiveCfg = Debug|Any CPU
		{4C4FFBFA-AD56-4FAF-BB11-70F967152087}.Debug|Any CPU.Build.0 = Debug|Any CPU
		{4C4FFBFA-AD56-4FAF-BB11-70F967152087}.Release|Any CPU.ActiveCfg = Release|Any CPU
		{4C4FFBFA-AD56-4FAF-BB11-70F967152087}.Release|Any CPU.Build.0 = Release|Any CPU
	EndGlobalSection
	GlobalSection(SolutionProperties) = preSolution
		HideSolutionNode = FALSE
	EndGlobalSection
	GlobalSection(ExtensibilityGlobals) = postSolution
		SolutionGuid = {DDD9B421-8506-4A0E-8BED-2D097DB06CDD}
	EndGlobalSection
EndGlobal
